
Microsoft Visual Studio Solution File, Format Version 12.00
# Visual Studio Version 16
VisualStudioVersion = 16.0.29911.84
MinimumVisualStudioVersion = 10.0.40219.1
Project("{F2A71F9B-5D33-465A-A702-920D77279786}") = "FoodFile", "FoodFile\FoodFile.fsproj", "{FE302803-EE15-4946-8B0E-D98AEBC619B4}"
EndProject
Project("{F2A71F9B-5D33-465A-A702-920D77279786}") = "FoodFile.Test", "FoodFile.Test\FoodFile.Test.fsproj", "{1AB88679-86DE-4303-A214-FE85CDF97A75}"
EndProject
Global
	GlobalSection(SolutionConfigurationPlatforms) = preSolution
		Debug|Any CPU = Debug|Any CPU
		Release|Any CPU = Release|Any CPU
	EndGlobalSection
	GlobalSection(ProjectConfigurationPlatforms) = postSolution
		{FE302803-EE15-4946-8B0E-D98AEBC619B4}.Debug|Any CPU.ActiveCfg = Debug|Any CPU
		{FE302803-EE15-4946-8B0E-D98AEBC619B4}.Debug|Any CPU.Build.0 = Debug|Any CPU
		{FE302803-EE15-4946-8B0E-D98AEBC619B4}.Release|Any CPU.ActiveCfg = Release|Any CPU
		{FE302803-EE15-4946-8B0E-D98AEBC619B4}.Release|Any CPU.Build.0 = Release|Any CPU
		{1AB88679-86DE-4303-A214-FE85CDF97A75}.Debug|Any CPU.ActiveCfg = Debug|Any CPU
		{1AB88679-86DE-4303-A214-FE85CDF97A75}.Debug|Any CPU.Build.0 = Debug|Any CPU
		{1AB88679-86DE-4303-A214-FE85CDF97A75}.Release|Any CPU.ActiveCfg = Release|Any CPU
		{1AB88679-86DE-4303-A214-FE85CDF97A75}.Release|Any CPU.Build.0 = Release|Any CPU
	EndGlobalSection
	GlobalSection(SolutionProperties) = preSolution
		HideSolutionNode = FALSE
	EndGlobalSection
	GlobalSection(ExtensibilityGlobals) = postSolution
		SolutionGuid = {6606E014-F698-445A-88B7-73FBAF56D9A0}
	EndGlobalSection
EndGlobal
